
Microsoft Visual Studio Solution File, Format Version 10.00
# Visual Basic Express 2008
Project("{F184B08F-C81C-45F6-A57F-5ABD9991F28F}") = "AssessmentAnalyser", "AssessmentAnalyser\AssessmentAnalyser.vbproj", "{363CC31E-5FB7-4F9F-8553-9517803DBD03}"
EndProject
Global
	GlobalSection(SolutionConfigurationPlatforms) = preSolution
		Debug|Any CPU = Debug|Any CPU
		Release|Any CPU = Release|Any CPU
	EndGlobalSection
	GlobalSection(ProjectConfigurationPlatforms) = postSolution
		{363CC31E-5FB7-4F9F-8553-9517803DBD03}.Debug|Any CPU.ActiveCfg = Debug|Any CPU
		{363CC31E-5FB7-4F9F-8553-9517803DBD03}.Debug|Any CPU.Build.0 = Debug|Any CPU
		{363CC31E-5FB7-4F9F-8553-9517803DBD03}.Release|Any CPU.ActiveCfg = Release|Any CPU
		{363CC31E-5FB7-4F9F-8553-9517803DBD03}.Release|Any CPU.Build.0 = Release|Any CPU
	EndGlobalSection
	GlobalSection(SolutionProperties) = preSolution
		HideSolutionNode = FALSE
	EndGlobalSection
EndGlobal
